# THIS IS AN AUTOGENERATED FILE. DO NOT EDIT THIS FILE DIRECTLY.
# yarn lockfile v1


"@idio/idio@^1.4.1":
  version "1.4.1"
  resolved "https://registry.yarnpkg.com/@idio/idio/-/idio-1.4.1.tgz#1788e6c5bf0a321e2c92fa9e3fd52b28382730a6"
  integrity sha512-PyGuIfitWgVjiWJMYV6N/s5/4+dAfRQdErs5NY0oAYCK5vtSrulEF4EjmW9GyI87imIC25f05vv8zGO0plB3Gw==
  dependencies:
    mime-db "^1.43.0"
    text-decoding "^1.0.0"

"@zoroaster/assert@^1.0.2":
  version "1.0.2"
  resolved "https://registry.yarnpkg.com/@zoroaster/assert/-/assert-1.0.2.tgz#8ffe2ebb10c81d570d4965080f942af688321a1f"
  integrity sha512-5C0LDzW8DkiSSCLyYO9ux3R5ru65yEn/GtxH1wh7ukRhLAZ/Svx4+A81YvciXcn35B2VmvCqyiTrhNdxdgusSw==

"@zoroaster/mask@^2.5.0":
  version "2.6.1"
  resolved "https://registry.yarnpkg.com/@zoroaster/mask/-/mask-2.6.1.tgz#bbb2c2a43e126e1fcb5de0a0c37192f1f7cc426e"
  integrity sha512-KTHuxgzt8cQCs53H/EEWc3MaPVNyZXrcTYGLY7soiIBJiAsTpBJezCEsWn14Qhrf0UTVGI6EDE0SYQS9hfSjVg==

alamode@3.5.2, alamode@^3.3.3, alamode@^3.5.2:
  version "3.5.2"
  resolved "https://registry.yarnpkg.com/alamode/-/alamode-3.5.2.tgz#0d6fd9a4bbfaf3ecc488d636264c480a825e9bd4"
  integrity sha512-lKEFyLAYj6I6WURR7YYaclGpQNPwCoPYkbYZSl5vka9n15cfZlSbPkrzivB6F6IXEkAtt7jGAl60V3qyPTEwdQ==

documentary@1.37.1:
  version "1.37.1"
  resolved "https://registry.yarnpkg.com/documentary/-/documentary-1.37.1.tgz#8ba6cb8094d0da4d5d70ffab3e1e9d4066d0a592"
  integrity sha512-UfmvSwHtWKe7I9NKPpvylLQNEvwUXGS/nKSfNJr1BYcNZRJ78xoNCcLhfLHSwZ3pdNTffDOSmLwfl/4nsTbYRA==
  dependencies:
    alamode "^3.5.2"
    preact "8.5.3"
    typal "^1.26.2"

erte@1.2.0:
  version "1.2.0"
  resolved "https://registry.yarnpkg.com/erte/-/erte-1.2.0.tgz#8b7dbf6ad822d96f071947d20d5f440623f10769"
  integrity sha512-saxyNviRCvFENCyZ66O58cY8icaraVeQOgGks6ujsBeS7zf3yyjXrhyfMpERZo7SJH1KKdXcSQqgemxW6eIpjA==

eslint-config-artdeco@1.0.1:
  version "1.0.1"
  resolved "https://registry.yarnpkg.com/eslint-config-artdeco/-/eslint-config-artdeco-1.0.1.tgz#4451c9d0ed1ce4d33dfd43a6315f12c8bfb04274"
  integrity sha1-RFHJ0O0c5NM9/UOmMV8SyL+wQnQ=

mime-db@^1.43.0:
  version "1.43.0"
  resolved "https://registry.yarnpkg.com/mime-db/-/mime-db-1.43.0.tgz#0a12e0502650e473d735535050e7c8f4eb4fae58"
  integrity sha512-+5dsGEEovYbT8UY9yD7eE4XTc4UwJ1jBYlgaQQF38ENsKR3wj/8q8RFZrF9WIZpB2V1ArTVFUva8sAul1NzRzQ==

preact@8.4.2:
  version "8.4.2"
  resolved "https://registry.yarnpkg.com/preact/-/preact-8.4.2.tgz#1263b974a17d1ea80b66590e41ef786ced5d6a23"
  integrity sha512-TsINETWiisfB6RTk0wh3/mvxbGRvx+ljeBccZ4Z6MPFKgu/KFGyf2Bmw3Z/jlXhL5JlNKY6QAbA9PVyzIy9//A==

preact@8.5.3:
  version "8.5.3"
  resolved "https://registry.yarnpkg.com/preact/-/preact-8.5.3.tgz#78c2a5562fcecb1fed1d0055fa4ac1e27bde17c1"
  integrity sha512-O3kKP+1YdgqHOFsZF2a9JVdtqD+RPzCQc3rP+Ualf7V6rmRDchZ9MJbiGTT7LuyqFKZqlHSOyO/oMFmI2lVTsw==

text-decoding@^1.0.0:
  version "1.0.0"
  resolved "https://registry.yarnpkg.com/text-decoding/-/text-decoding-1.0.0.tgz#38a5692d23b5c2b12942d6e245599cb58b1bc52f"
  integrity sha512-/0TJD42KDnVwKmDK6jj3xP7E2MG7SHAOG4tyTgyUCRPdHwvkquYNLEQltmdMa3owq3TkddCVcTsoctJI8VQNKA==

typal@^1.26.2:
  version "1.26.2"
  resolved "https://registry.yarnpkg.com/typal/-/typal-1.26.2.tgz#081ae64710cdb2ccb593280a874372f945182c7f"
  integrity sha512-ljiVBveC6U4a83g0NBGW2JaYHT7bsUitxYtaznQAHppGgG8XScx4oZjd6zaqv0QpfOb6MMmqrMLGuGG2xl/xgw==

yarn-s@1.2.3:
  version "1.2.3"
  resolved "https://registry.yarnpkg.com/yarn-s/-/yarn-s-1.2.3.tgz#ec8fac3bca62c4c970b7e88eef98a5f01c421dab"
  integrity sha512-XNV6KYcT6LCLlogwbArTrn8wlqYVnlR+MqAZULxNVaShw7qrBx5PjsNSIMbKFIRxPKdjisv7O8oBg9mWY63Tvw==

zoroaster@4.3.0:
  version "4.3.0"
  resolved "https://registry.yarnpkg.com/zoroaster/-/zoroaster-4.3.0.tgz#fd234d249471cb3100fc71e92d6d275ed3059c11"
  integrity sha512-OGZuacxTM6TT8n/wCcDTO7p8mAioBxztTofXqh6ck2tJ3UNFdlKN1UYwU2V6go+v4/tH8jZE1jf+sIMFrH4RkA==
  dependencies:
    "@zoroaster/assert" "^1.0.2"
    "@zoroaster/mask" "^2.5.0"
    alamode "^3.3.3"
